
Microsoft Visual Studio Solution File, Format Version 12.00
# Visual Studio Version 17
VisualStudioVersion = 17.2.32519.379
MinimumVisualStudioVersion = 10.0.40219.1
Project("{FAE04EC0-301F-11D3-BF4B-00C04F79EFBC}") = "WebApp", "WebApp\WebApp.csproj", "{36486A82-8297-4458-B609-3D8A9588F83C}"
EndProject
Global
	GlobalSection(SolutionConfigurationPlatforms) = preSolution
		Debug|Any CPU = Debug|Any CPU
		Release|Any CPU = Release|Any CPU
	EndGlobalSection
	GlobalSection(ProjectConfigurationPlatforms) = postSolution
		{36486A82-8297-4458-B609-3D8A9588F83C}.Debug|Any CPU.ActiveCfg = Debug|Any CPU
		{36486A82-8297-4458-B609-3D8A9588F83C}.Debug|Any CPU.Build.0 = Debug|Any CPU
		{36486A82-8297-4458-B609-3D8A9588F83C}.Release|Any CPU.ActiveCfg = Release|Any CPU
		{36486A82-8297-4458-B609-3D8A9588F83C}.Release|Any CPU.Build.0 = Release|Any CPU
	EndGlobalSection
	GlobalSection(SolutionProperties) = preSolution
		HideSolutionNode = FALSE
	EndGlobalSection
	GlobalSection(ExtensibilityGlobals) = postSolution
		SolutionGuid = {87041F4C-F697-49DC-82BF-2750C63F6D31}
	EndGlobalSection
EndGlobal
